{
    "_meta": {
        "hash": {
            "sha256": "67962a071729b623c9d7d8eafbd0d697bb4f3895ba8ae186098e0c2c21c4f76f"
        },
        "pipfile-spec": 6,
        "requires": {
            "python_version": "3.10"
        },
        "sources": [
            {
                "name": "pypi",
                "url": "https://pypi.org/simple",
                "verify_ssl": true
            }
        ]
    },
    "default": {
        "aiofile": {
            "hashes": [
                "sha256:b2a153a2f8688c9e7c2df00f26024cc4ae03ad2de15aa41a68d939b46eaad859",
                "sha256:e1c577ab033cf1fd01ff33e033431223c5310254cc41bc3c6bf467e702a29791"
            ],
            "markers": "python_version >= '3.5' and python_version < '4'",
            "version": "==3.7.2"
        },
        "aiopath": {
            "hashes": [
                "sha256:44a5376de098b4875eefa4b4599f5ac99fd9451b88c314f237716571e16ccce2",
                "sha256:6ca97a864fe32478d53af6c40e1951de64ab01d6b402d88524ce72d80362eb7a"
            ],
            "index": "pypi",
            "version": "==0.6.10"
        },
        "anyio": {
            "hashes": [
                "sha256:24adc69309fb5779bc1e06158e143e0b6d2c56b302a3ac3de3083c705a6ed39d",
                "sha256:2855a9423524abcdd652d942f8932fda1735210f77a6b392eafd9ff34d3fe020"
            ],
            "markers": "python_full_version >= '3.6.2'",
            "version": "==3.4.0"
        },
        "caio": {
            "hashes": [
                "sha256:2e46b0c008b8baadcac9c8acc66aa1fff58acae779a8a81479795a499f3a6a40",
                "sha256:46f649cbd68c6762e0a2d6fc1ab69ab9b06ddcdaab52241514b8c7cce48be08a",
                "sha256:4c10054e6bc19e619033bb6f6ef8000b334596f0a947de91462513e5f54054db",
                "sha256:7331c49c6d9036a72ba9ae17de9804359b84c0c3c69bb9f3ab7020bf47f59a53",
                "sha256:966575da339c004c2410b4a92a6b7639659a6e90f45849dafa839e9dd2177c77",
                "sha256:ab94072fb0b00ee0108acd938c9444b828bd9dd0afbb54059293c1e5e61f2a76",
                "sha256:cccd691fa9eadb378ec2baf6bce6427640a629426a4dcd56d66b849a09c49949",
                "sha256:e475ed5cadd550aef36b10a74613fa797e8141cd7360af71507ed29eaaf20b0b",
                "sha256:fa4b8f9538a2b52081edee7f972f6644f02149ae7d1ea9c3a7d55df9c1cc182f",
                "sha256:fae7cd90da87effda72ec2ca85df67f6dc91e58c0dfb6244db4c4d32d1a43fb7"
            ],
            "markers": "python_version >= '3.5' and python_version < '4'",
            "version": "==0.9.3"
        },
        "idna": {
            "hashes": [
                "sha256:84d9dd047ffa80596e0f246e2eab0b391788b0503584e8945f2368256d2735ff",
                "sha256:9d643ff0a55b762d5cdb124b8eaa99c66322e2157b69160bc32796e824360e6d"
            ],
            "markers": "python_version >= '3.5'",
            "version": "==3.3"
        },
        "sniffio": {
            "hashes": [
                "sha256:471b71698eac1c2112a40ce2752bb2f4a4814c22a54a3eed3676bc0f5ca9f663",
                "sha256:c4666eecec1d3f50960c6bdf61ab7bc350648da6c126e3cf6898d8cd4ddcd3de"
            ],
            "markers": "python_version >= '3.5'",
            "version": "==1.2.0"
        }
    },
    "develop": {}
}
